// !$*UTF8*$!
{
	archiveVersion = 1;
	classes = {
	};
	objectVersion = 55;
	objects = {

/* Begin PBXBuildFile section */
		1523B28F2759B752001452DB /* BaseViewController.swift in Sources */ = {isa = PBXBuildFile; fileRef = 1523B2872759B752001452DB /* BaseViewController.swift */; };
		1523B2912759B752001452DB /* RootViewController.swift in Sources */ = {isa = PBXBuildFile; fileRef = 1523B2892759B752001452DB /* RootViewController.swift */; };
		1523B29B2759BA8F001452DB /* LaunchScreen.storyboard in Resources */ = {isa = PBXBuildFile; fileRef = 1523B2972759BA8F001452DB /* LaunchScreen.storyboard */; };
		1523B29C2759BA8F001452DB /* Main.storyboard in Resources */ = {isa = PBXBuildFile; fileRef = 1523B2982759BA8F001452DB /* Main.storyboard */; };
		1523B29D2759BA8F001452DB /* AppDelegate.swift in Sources */ = {isa = PBXBuildFile; fileRef = 1523B2992759BA8F001452DB /* AppDelegate.swift */; };
		1523B2A12759BBBB001452DB /* Assets.xcassets in Resources */ = {isa = PBXBuildFile; fileRef = 1523B2A02759BBBB001452DB /* Assets.xcassets */; };
		153779F72759C42900BAE90A /* Constants.swift in Sources */ = {isa = PBXBuildFile; fileRef = 153779F62759C42900BAE90A /* Constants.swift */; };
		15377A042759C45900BAE90A /* UIViewController+Extention.swift in Sources */ = {isa = PBXBuildFile; fileRef = 153779F92759C45900BAE90A /* UIViewController+Extention.swift */; };
		15377A052759C45900BAE90A /* UINavigationController+Extention.swift in Sources */ = {isa = PBXBuildFile; fileRef = 153779FA2759C45900BAE90A /* UINavigationController+Extention.swift */; };
		15377A062759C45900BAE90A /* UIView+Extention.swift in Sources */ = {isa = PBXBuildFile; fileRef = 153779FB2759C45900BAE90A /* UIView+Extention.swift */; };
		15377A072759C45900BAE90A /* UILabel+Extention.swift in Sources */ = {isa = PBXBuildFile; fileRef = 153779FC2759C45900BAE90A /* UILabel+Extention.swift */; };
		15377A082759C45900BAE90A /* UIButton+Extention.swift in Sources */ = {isa = PBXBuildFile; fileRef = 153779FD2759C45900BAE90A /* UIButton+Extention.swift */; };
		15377A092759C45900BAE90A /* UIColor+Extention.swift in Sources */ = {isa = PBXBuildFile; fileRef = 153779FE2759C45900BAE90A /* UIColor+Extention.swift */; };
		15377A0A2759C45900BAE90A /* UIWebView+Extention.swift in Sources */ = {isa = PBXBuildFile; fileRef = 153779FF2759C45900BAE90A /* UIWebView+Extention.swift */; };
		15377A0B2759C45900BAE90A /* UITableView+Extention.swift in Sources */ = {isa = PBXBuildFile; fileRef = 15377A002759C45900BAE90A /* UITableView+Extention.swift */; };
		15377A0C2759C45900BAE90A /* UITextField+Extention.swift in Sources */ = {isa = PBXBuildFile; fileRef = 15377A012759C45900BAE90A /* UITextField+Extention.swift */; };
		15377A0D2759C45900BAE90A /* String+Extention.swift in Sources */ = {isa = PBXBuildFile; fileRef = 15377A022759C45900BAE90A /* String+Extention.swift */; };
		15377A0E2759C45900BAE90A /* Foundation+Extention.swift in Sources */ = {isa = PBXBuildFile; fileRef = 15377A032759C45900BAE90A /* Foundation+Extention.swift */; };
		15377A192759C4A500BAE90A /* TBVideo.swift in Sources */ = {isa = PBXBuildFile; fileRef = 15377A122759C4A500BAE90A /* TBVideo.swift */; };
		15377A1A2759C4A500BAE90A /* DatabaseRealmManager.swift in Sources */ = {isa = PBXBuildFile; fileRef = 15377A132759C4A500BAE90A /* DatabaseRealmManager.swift */; };
		15377A1B2759C4A500BAE90A /* LoadingManager.swift in Sources */ = {isa = PBXBuildFile; fileRef = 15377A142759C4A500BAE90A /* LoadingManager.swift */; };
		15377A242759C4AF00BAE90A /* BaseResponse.swift in Sources */ = {isa = PBXBuildFile; fileRef = 15377A202759C4AF00BAE90A /* BaseResponse.swift */; };
		15377A252759C4AF00BAE90A /* ApiRouter.swift in Sources */ = {isa = PBXBuildFile; fileRef = 15377A212759C4AF00BAE90A /* ApiRouter.swift */; };
		15377A262759C4AF00BAE90A /* ApiSevice.swift in Sources */ = {isa = PBXBuildFile; fileRef = 15377A222759C4AF00BAE90A /* ApiSevice.swift */; };
		15377A272759C4AF00BAE90A /* BaseError.swift in Sources */ = {isa = PBXBuildFile; fileRef = 15377A232759C4AF00BAE90A /* BaseError.swift */; };
		15377A302759C75B00BAE90A /* MusicModel.swift in Sources */ = {isa = PBXBuildFile; fileRef = 15377A2D2759C75B00BAE90A /* MusicModel.swift */; };
		155E6F54275F5CF8000A48CC /* SFPRODISPLAYSEMIBOLDITALIC.OTF in Resources */ = {isa = PBXBuildFile; fileRef = 155E6F4B275F5CF8000A48CC /* SFPRODISPLAYSEMIBOLDITALIC.OTF */; };
		155E6F55275F5CF8000A48CC /* SFPRODISPLAYHEAVYITALIC.OTF in Resources */ = {isa = PBXBuildFile; fileRef = 155E6F4C275F5CF8000A48CC /* SFPRODISPLAYHEAVYITALIC.OTF */; };
		155E6F56275F5CF8000A48CC /* SFPRODISPLAYLIGHTITALIC.OTF in Resources */ = {isa = PBXBuildFile; fileRef = 155E6F4D275F5CF8000A48CC /* SFPRODISPLAYLIGHTITALIC.OTF */; };
		155E6F57275F5CF8000A48CC /* SFPRODISPLAYBLACKITALIC.OTF in Resources */ = {isa = PBXBuildFile; fileRef = 155E6F4E275F5CF8000A48CC /* SFPRODISPLAYBLACKITALIC.OTF */; };
		155E6F58275F5CF8000A48CC /* SFPRODISPLAYREGULAR.OTF in Resources */ = {isa = PBXBuildFile; fileRef = 155E6F4F275F5CF8000A48CC /* SFPRODISPLAYREGULAR.OTF */; };
		155E6F59275F5CF8000A48CC /* SFPRODISPLAYTHINITALIC.OTF in Resources */ = {isa = PBXBuildFile; fileRef = 155E6F50275F5CF8000A48CC /* SFPRODISPLAYTHINITALIC.OTF */; };
		155E6F5A275F5CF8000A48CC /* SFPRODISPLAYBOLD.OTF in Resources */ = {isa = PBXBuildFile; fileRef = 155E6F51275F5CF8000A48CC /* SFPRODISPLAYBOLD.OTF */; };
		155E6F5B275F5CF8000A48CC /* SFPRODISPLAYMEDIUM.OTF in Resources */ = {isa = PBXBuildFile; fileRef = 155E6F52275F5CF8000A48CC /* SFPRODISPLAYMEDIUM.OTF */; };
		155E6F5C275F5CF8000A48CC /* SFPRODISPLAYULTRALIGHTITALIC.OTF in Resources */ = {isa = PBXBuildFile; fileRef = 155E6F53275F5CF8000A48CC /* SFPRODISPLAYULTRALIGHTITALIC.OTF */; };
		155E6F5F275F64DA000A48CC /* SanPhamMoiCollectionViewCell.swift in Sources */ = {isa = PBXBuildFile; fileRef = 155E6F5D275F64DA000A48CC /* SanPhamMoiCollectionViewCell.swift */; };
		155E6F60275F64DA000A48CC /* SanPhamMoiCollectionViewCell.xib in Resources */ = {isa = PBXBuildFile; fileRef = 155E6F5E275F64DA000A48CC /* SanPhamMoiCollectionViewCell.xib */; };
		155E6F62275F67C2000A48CC /* UICollectionView+Extention.swift in Sources */ = {isa = PBXBuildFile; fileRef = 155E6F61275F67C2000A48CC /* UICollectionView+Extention.swift */; };
		155E6F69275FC75B000A48CC /* NhatDinhPhaiNgheCollectionViewCell.swift in Sources */ = {isa = PBXBuildFile; fileRef = 155E6F67275FC75B000A48CC /* NhatDinhPhaiNgheCollectionViewCell.swift */; };
		155E6F6A275FC75B000A48CC /* NhatDinhPhaiNgheCollectionViewCell.xib in Resources */ = {isa = PBXBuildFile; fileRef = 155E6F68275FC75B000A48CC /* NhatDinhPhaiNgheCollectionViewCell.xib */; };
		155E6F71275FC87D000A48CC /* BaiHatPhoBienCollectionViewCell.xib in Resources */ = {isa = PBXBuildFile; fileRef = 155E6F6F275FC87D000A48CC /* BaiHatPhoBienCollectionViewCell.xib */; };
		155E6F72275FC87D000A48CC /* BaiHatPhoBienCollectionViewCell.swift in Sources */ = {isa = PBXBuildFile; fileRef = 155E6F70275FC87D000A48CC /* BaiHatPhoBienCollectionViewCell.swift */; };
		155E6F75275FD810000A48CC /* PlayListPhoBienCollectionViewCell.swift in Sources */ = {isa = PBXBuildFile; fileRef = 155E6F73275FD810000A48CC /* PlayListPhoBienCollectionViewCell.swift */; };
		155E6F76275FD810000A48CC /* PlayListPhoBienCollectionViewCell.xib in Resources */ = {isa = PBXBuildFile; fileRef = 155E6F74275FD810000A48CC /* PlayListPhoBienCollectionViewCell.xib */; };
		155E6F79275FDD49000A48CC /* TopDJCell.swift in Sources */ = {isa = PBXBuildFile; fileRef = 155E6F77275FDD49000A48CC /* TopDJCell.swift */; };
		155E6F7A275FDD49000A48CC /* TopDJCell.xib in Resources */ = {isa = PBXBuildFile; fileRef = 155E6F78275FDD49000A48CC /* TopDJCell.xib */; };
		155E6F7C275FE0BE000A48CC /* SingerModel.swift in Sources */ = {isa = PBXBuildFile; fileRef = 155E6F7B275FE0BE000A48CC /* SingerModel.swift */; };
		15E83F36275C785E005A3B2C /* NavigationBar.swift in Sources */ = {isa = PBXBuildFile; fileRef = 15E83F34275C785E005A3B2C /* NavigationBar.swift */; };
		15E83F37275C785E005A3B2C /* NavigationBar.xib in Resources */ = {isa = PBXBuildFile; fileRef = 15E83F35275C785E005A3B2C /* NavigationBar.xib */; };
		15E83F3B275C7FCE005A3B2C /* HomeViewController.swift in Sources */ = {isa = PBXBuildFile; fileRef = 15E83F39275C7FCE005A3B2C /* HomeViewController.swift */; };
		BC22BDD35DA335B227486D8E /* Pods_MusicApp.framework in Frameworks */ = {isa = PBXBuildFile; fileRef = A7F2A2722798DEF0476B7F63 /* Pods_MusicApp.framework */; };
/* End PBXBuildFile section */

/* Begin PBXFileReference section */
		1523B26F2759B660001452DB /* MusicApp.app */ = {isa = PBXFileReference; explicitFileType = wrapper.application; includeInIndex = 0; path = MusicApp.app; sourceTree = BUILT_PRODUCTS_DIR; };
		1523B2872759B752001452DB /* BaseViewController.swift */ = {isa = PBXFileReference; fileEncoding = 4; lastKnownFileType = sourcecode.swift; path = BaseViewController.swift; sourceTree = "<group>"; };
		1523B2892759B752001452DB /* RootViewController.swift */ = {isa = PBXFileReference; fileEncoding = 4; lastKnownFileType = sourcecode.swift; path = RootViewController.swift; sourceTree = "<group>"; };
		1523B2972759BA8F001452DB /* LaunchScreen.storyboard */ = {isa = PBXFileReference; fileEncoding = 4; lastKnownFileType = file.storyboard; path = LaunchScreen.storyboard; sourceTree = "<group>"; };
		1523B2982759BA8F001452DB /* Main.storyboard */ = {isa = PBXFileReference; fileEncoding = 4; lastKnownFileType = file.storyboard; path = Main.storyboard; sourceTree = "<group>"; };
		1523B2992759BA8F001452DB /* AppDelegate.swift */ = {isa = PBXFileReference; fileEncoding = 4; lastKnownFileType = sourcecode.swift; path = AppDelegate.swift; sourceTree = "<group>"; };
		1523B29A2759BA8F001452DB /* Info.plist */ = {isa = PBXFileReference; fileEncoding = 4; lastKnownFileType = text.plist.xml; path = Info.plist; sourceTree = "<group>"; };
		1523B2A02759BBBB001452DB /* Assets.xcassets */ = {isa = PBXFileReference; lastKnownFileType = folder.assetcatalog; path = Assets.xcassets; sourceTree = "<group>"; };
		153779F62759C42900BAE90A /* Constants.swift */ = {isa = PBXFileReference; fileEncoding = 4; lastKnownFileType = sourcecode.swift; path = Constants.swift; sourceTree = "<group>"; };
		153779F92759C45900BAE90A /* UIViewController+Extention.swift */ = {isa = PBXFileReference; fileEncoding = 4; lastKnownFileType = sourcecode.swift; path = "UIViewController+Extention.swift"; sourceTree = "<group>"; };
		153779FA2759C45900BAE90A /* UINavigationController+Extention.swift */ = {isa = PBXFileReference; fileEncoding = 4; lastKnownFileType = sourcecode.swift; path = "UINavigationController+Extention.swift"; sourceTree = "<group>"; };
		153779FB2759C45900BAE90A /* UIView+Extention.swift */ = {isa = PBXFileReference; fileEncoding = 4; lastKnownFileType = sourcecode.swift; path = "UIView+Extention.swift"; sourceTree = "<group>"; };
		153779FC2759C45900BAE90A /* UILabel+Extention.swift */ = {isa = PBXFileReference; fileEncoding = 4; lastKnownFileType = sourcecode.swift; path = "UILabel+Extention.swift"; sourceTree = "<group>"; };
		153779FD2759C45900BAE90A /* UIButton+Extention.swift */ = {isa = PBXFileReference; fileEncoding = 4; lastKnownFileType = sourcecode.swift; path = "UIButton+Extention.swift"; sourceTree = "<group>"; };
		153779FE2759C45900BAE90A /* UIColor+Extention.swift */ = {isa = PBXFileReference; fileEncoding = 4; lastKnownFileType = sourcecode.swift; path = "UIColor+Extention.swift"; sourceTree = "<group>"; };
		153779FF2759C45900BAE90A /* UIWebView+Extention.swift */ = {isa = PBXFileReference; fileEncoding = 4; lastKnownFileType = sourcecode.swift; path = "UIWebView+Extention.swift"; sourceTree = "<group>"; };
		15377A002759C45900BAE90A /* UITableView+Extention.swift */ = {isa = PBXFileReference; fileEncoding = 4; lastKnownFileType = sourcecode.swift; path = "UITableView+Extention.swift"; sourceTree = "<group>"; };
		15377A012759C45900BAE90A /* UITextField+Extention.swift */ = {isa = PBXFileReference; fileEncoding = 4; lastKnownFileType = sourcecode.swift; path = "UITextField+Extention.swift"; sourceTree = "<group>"; };
		15377A022759C45900BAE90A /* String+Extention.swift */ = {isa = PBXFileReference; fileEncoding = 4; lastKnownFileType = sourcecode.swift; path = "String+Extention.swift"; sourceTree = "<group>"; };
		15377A032759C45900BAE90A /* Foundation+Extention.swift */ = {isa = PBXFileReference; fileEncoding = 4; lastKnownFileType = sourcecode.swift; path = "Foundation+Extention.swift"; sourceTree = "<group>"; };
		15377A122759C4A500BAE90A /* TBVideo.swift */ = {isa = PBXFileReference; fileEncoding = 4; lastKnownFileType = sourcecode.swift; path = TBVideo.swift; sourceTree = "<group>"; };
		15377A132759C4A500BAE90A /* DatabaseRealmManager.swift */ = {isa = PBXFileReference; fileEncoding = 4; lastKnownFileType = sourcecode.swift; path = DatabaseRealmManager.swift; sourceTree = "<group>"; };
		15377A142759C4A500BAE90A /* LoadingManager.swift */ = {isa = PBXFileReference; fileEncoding = 4; lastKnownFileType = sourcecode.swift; path = LoadingManager.swift; sourceTree = "<group>"; };
		15377A202759C4AF00BAE90A /* BaseResponse.swift */ = {isa = PBXFileReference; fileEncoding = 4; lastKnownFileType = sourcecode.swift; path = BaseResponse.swift; sourceTree = "<group>"; };
		15377A212759C4AF00BAE90A /* ApiRouter.swift */ = {isa = PBXFileReference; fileEncoding = 4; lastKnownFileType = sourcecode.swift; path = ApiRouter.swift; sourceTree = "<group>"; };
		15377A222759C4AF00BAE90A /* ApiSevice.swift */ = {isa = PBXFileReference; fileEncoding = 4; lastKnownFileType = sourcecode.swift; path = ApiSevice.swift; sourceTree = "<group>"; };
		15377A232759C4AF00BAE90A /* BaseError.swift */ = {isa = PBXFileReference; fileEncoding = 4; lastKnownFileType = sourcecode.swift; path = BaseError.swift; sourceTree = "<group>"; };
		15377A2D2759C75B00BAE90A /* MusicModel.swift */ = {isa = PBXFileReference; fileEncoding = 4; lastKnownFileType = sourcecode.swift; path = MusicModel.swift; sourceTree = "<group>"; };
		155E6F4B275F5CF8000A48CC /* SFPRODISPLAYSEMIBOLDITALIC.OTF */ = {isa = PBXFileReference; lastKnownFileType = file; path = SFPRODISPLAYSEMIBOLDITALIC.OTF; sourceTree = "<group>"; };
		155E6F4C275F5CF8000A48CC /* SFPRODISPLAYHEAVYITALIC.OTF */ = {isa = PBXFileReference; lastKnownFileType = file; path = SFPRODISPLAYHEAVYITALIC.OTF; sourceTree = "<group>"; };
		155E6F4D275F5CF8000A48CC /* SFPRODISPLAYLIGHTITALIC.OTF */ = {isa = PBXFileReference; lastKnownFileType = file; path = SFPRODISPLAYLIGHTITALIC.OTF; sourceTree = "<group>"; };
		155E6F4E275F5CF8000A48CC /* SFPRODISPLAYBLACKITALIC.OTF */ = {isa = PBXFileReference; lastKnownFileType = file; path = SFPRODISPLAYBLACKITALIC.OTF; sourceTree = "<group>"; };
		155E6F4F275F5CF8000A48CC /* SFPRODISPLAYREGULAR.OTF */ = {isa = PBXFileReference; lastKnownFileType = file; path = SFPRODISPLAYREGULAR.OTF; sourceTree = "<group>"; };
		155E6F50275F5CF8000A48CC /* SFPRODISPLAYTHINITALIC.OTF */ = {isa = PBXFileReference; lastKnownFileType = file; path = SFPRODISPLAYTHINITALIC.OTF; sourceTree = "<group>"; };
		155E6F51275F5CF8000A48CC /* SFPRODISPLAYBOLD.OTF */ = {isa = PBXFileReference; lastKnownFileType = file; path = SFPRODISPLAYBOLD.OTF; sourceTree = "<group>"; };
		155E6F52275F5CF8000A48CC /* SFPRODISPLAYMEDIUM.OTF */ = {isa = PBXFileReference; lastKnownFileType = file; path = SFPRODISPLAYMEDIUM.OTF; sourceTree = "<group>"; };
		155E6F53275F5CF8000A48CC /* SFPRODISPLAYULTRALIGHTITALIC.OTF */ = {isa = PBXFileReference; lastKnownFileType = file; path = SFPRODISPLAYULTRALIGHTITALIC.OTF; sourceTree = "<group>"; };
		155E6F5D275F64DA000A48CC /* SanPhamMoiCollectionViewCell.swift */ = {isa = PBXFileReference; lastKnownFileType = sourcecode.swift; path = SanPhamMoiCollectionViewCell.swift; sourceTree = "<group>"; };
		155E6F5E275F64DA000A48CC /* SanPhamMoiCollectionViewCell.xib */ = {isa = PBXFileReference; lastKnownFileType = file.xib; path = SanPhamMoiCollectionViewCell.xib; sourceTree = "<group>"; };
		155E6F61275F67C2000A48CC /* UICollectionView+Extention.swift */ = {isa = PBXFileReference; fileEncoding = 4; lastKnownFileType = sourcecode.swift; path = "UICollectionView+Extention.swift"; sourceTree = "<group>"; };
		155E6F67275FC75B000A48CC /* NhatDinhPhaiNgheCollectionViewCell.swift */ = {isa = PBXFileReference; fileEncoding = 4; lastKnownFileType = sourcecode.swift; path = NhatDinhPhaiNgheCollectionViewCell.swift; sourceTree = "<group>"; };
		155E6F68275FC75B000A48CC /* NhatDinhPhaiNgheCollectionViewCell.xib */ = {isa = PBXFileReference; fileEncoding = 4; lastKnownFileType = file.xib; path = NhatDinhPhaiNgheCollectionViewCell.xib; sourceTree = "<group>"; };
		155E6F6F275FC87D000A48CC /* BaiHatPhoBienCollectionViewCell.xib */ = {isa = PBXFileReference; fileEncoding = 4; lastKnownFileType = file.xib; path = BaiHatPhoBienCollectionViewCell.xib; sourceTree = "<group>"; };
		155E6F70275FC87D000A48CC /* BaiHatPhoBienCollectionViewCell.swift */ = {isa = PBXFileReference; fileEncoding = 4; lastKnownFileType = sourcecode.swift; path = BaiHatPhoBienCollectionViewCell.swift; sourceTree = "<group>"; };
		155E6F73275FD810000A48CC /* PlayListPhoBienCollectionViewCell.swift */ = {isa = PBXFileReference; fileEncoding = 4; lastKnownFileType = sourcecode.swift; path = PlayListPhoBienCollectionViewCell.swift; sourceTree = "<group>"; };
		155E6F74275FD810000A48CC /* PlayListPhoBienCollectionViewCell.xib */ = {isa = PBXFileReference; fileEncoding = 4; lastKnownFileType = file.xib; path = PlayListPhoBienCollectionViewCell.xib; sourceTree = "<group>"; };
		155E6F77275FDD49000A48CC /* TopDJCell.swift */ = {isa = PBXFileReference; lastKnownFileType = sourcecode.swift; path = TopDJCell.swift; sourceTree = "<group>"; };
		155E6F78275FDD49000A48CC /* TopDJCell.xib */ = {isa = PBXFileReference; lastKnownFileType = file.xib; path = TopDJCell.xib; sourceTree = "<group>"; };
		155E6F7B275FE0BE000A48CC /* SingerModel.swift */ = {isa = PBXFileReference; fileEncoding = 4; lastKnownFileType = sourcecode.swift; path = SingerModel.swift; sourceTree = "<group>"; };
		15E83F34275C785E005A3B2C /* NavigationBar.swift */ = {isa = PBXFileReference; fileEncoding = 4; lastKnownFileType = sourcecode.swift; path = NavigationBar.swift; sourceTree = "<group>"; };
		15E83F35275C785E005A3B2C /* NavigationBar.xib */ = {isa = PBXFileReference; fileEncoding = 4; lastKnownFileType = file.xib; path = NavigationBar.xib; sourceTree = "<group>"; };
		15E83F39275C7FCE005A3B2C /* HomeViewController.swift */ = {isa = PBXFileReference; fileEncoding = 4; lastKnownFileType = sourcecode.swift; path = HomeViewController.swift; sourceTree = "<group>"; };
		32178D80C17427C71378605E /* Pods-MusicApp.release.xcconfig */ = {isa = PBXFileReference; includeInIndex = 1; lastKnownFileType = text.xcconfig; name = "Pods-MusicApp.release.xcconfig"; path = "Target Support Files/Pods-MusicApp/Pods-MusicApp.release.xcconfig"; sourceTree = "<group>"; };
		6C877731C060E989229DE9D9 /* Pods-MusicApp.debug.xcconfig */ = {isa = PBXFileReference; includeInIndex = 1; lastKnownFileType = text.xcconfig; name = "Pods-MusicApp.debug.xcconfig"; path = "Target Support Files/Pods-MusicApp/Pods-MusicApp.debug.xcconfig"; sourceTree = "<group>"; };
		A7F2A2722798DEF0476B7F63 /* Pods_MusicApp.framework */ = {isa = PBXFileReference; explicitFileType = wrapper.framework; includeInIndex = 0; path = Pods_MusicApp.framework; sourceTree = BUILT_PRODUCTS_DIR; };
/* End PBXFileReference section */

/* Begin PBXFrameworksBuildPhase section */
		1523B26C2759B660001452DB /* Frameworks */ = {
			isa = PBXFrameworksBuildPhase;
			buildActionMask = 2147483647;
			files = (
				BC22BDD35DA335B227486D8E /* Pods_MusicApp.framework in Frameworks */,
			);
			runOnlyForDeploymentPostprocessing = 0;
		};
/* End PBXFrameworksBuildPhase section */

/* Begin PBXGroup section */
		1523B2662759B660001452DB = {
			isa = PBXGroup;
			children = (
				1523B2712759B660001452DB /* MusicApp */,
				1523B2702759B660001452DB /* Products */,
				36B525392E068A09BF7A2517 /* Pods */,
				7DF059458F07055E74B2F980 /* Frameworks */,
			);
			sourceTree = "<group>";
		};
		1523B2702759B660001452DB /* Products */ = {
			isa = PBXGroup;
			children = (
				1523B26F2759B660001452DB /* MusicApp.app */,
			);
			name = Products;
			sourceTree = "<group>";
		};
		1523B2712759B660001452DB /* MusicApp */ = {
			isa = PBXGroup;
			children = (
				15377A2B2759C75B00BAE90A /* Model */,
				15377A282759C55600BAE90A /* Screen */,
				15377A1F2759C4AF00BAE90A /* Services */,
				15377A0F2759C4A500BAE90A /* Manager */,
				153779F82759C45900BAE90A /* Extentions */,
				153779F52759C42900BAE90A /* Constants */,
				1523B2962759BA8F001452DB /* Application */,
				1523B2862759B752001452DB /* Common */,
				1523B29F2759BBBB001452DB /* Resources */,
			);
			path = MusicApp;
			sourceTree = "<group>";
		};
		1523B2862759B752001452DB /* Common */ = {
			isa = PBXGroup;
			children = (
				15E83F33275C785E005A3B2C /* Navigation */,
				1523B2872759B752001452DB /* BaseViewController.swift */,
				1523B2892759B752001452DB /* RootViewController.swift */,
			);
			path = Common;
			sourceTree = "<group>";
		};
		1523B2962759BA8F001452DB /* Application */ = {
			isa = PBXGroup;
			children = (
				1523B2972759BA8F001452DB /* LaunchScreen.storyboard */,
				1523B2982759BA8F001452DB /* Main.storyboard */,
				1523B2992759BA8F001452DB /* AppDelegate.swift */,
				1523B29A2759BA8F001452DB /* Info.plist */,
			);
			path = Application;
			sourceTree = "<group>";
		};
		1523B29F2759BBBB001452DB /* Resources */ = {
			isa = PBXGroup;
			children = (
				155E6F4A275F5CF8000A48CC /* Font */,
				1523B2A02759BBBB001452DB /* Assets.xcassets */,
			);
			path = Resources;
			sourceTree = "<group>";
		};
		153779F52759C42900BAE90A /* Constants */ = {
			isa = PBXGroup;
			children = (
				153779F62759C42900BAE90A /* Constants.swift */,
			);
			path = Constants;
			sourceTree = "<group>";
		};
		153779F82759C45900BAE90A /* Extentions */ = {
			isa = PBXGroup;
			children = (
				153779F92759C45900BAE90A /* UIViewController+Extention.swift */,
				153779FA2759C45900BAE90A /* UINavigationController+Extention.swift */,
				153779FB2759C45900BAE90A /* UIView+Extention.swift */,
				153779FC2759C45900BAE90A /* UILabel+Extention.swift */,
				153779FD2759C45900BAE90A /* UIButton+Extention.swift */,
				153779FE2759C45900BAE90A /* UIColor+Extention.swift */,
				153779FF2759C45900BAE90A /* UIWebView+Extention.swift */,
				15377A002759C45900BAE90A /* UITableView+Extention.swift */,
				155E6F61275F67C2000A48CC /* UICollectionView+Extention.swift */,
				15377A012759C45900BAE90A /* UITextField+Extention.swift */,
				15377A022759C45900BAE90A /* String+Extention.swift */,
				15377A032759C45900BAE90A /* Foundation+Extention.swift */,
			);
			path = Extentions;
			sourceTree = "<group>";
		};
		15377A0F2759C4A500BAE90A /* Manager */ = {
			isa = PBXGroup;
			children = (
				15377A102759C4A500BAE90A /* Database */,
				15377A142759C4A500BAE90A /* LoadingManager.swift */,
			);
			path = Manager;
			sourceTree = "<group>";
		};
		15377A102759C4A500BAE90A /* Database */ = {
			isa = PBXGroup;
			children = (
				15377A122759C4A500BAE90A /* TBVideo.swift */,
				15377A132759C4A500BAE90A /* DatabaseRealmManager.swift */,
			);
			path = Database;
			sourceTree = "<group>";
		};
		15377A1F2759C4AF00BAE90A /* Services */ = {
			isa = PBXGroup;
			children = (
				15377A202759C4AF00BAE90A /* BaseResponse.swift */,
				15377A212759C4AF00BAE90A /* ApiRouter.swift */,
				15377A222759C4AF00BAE90A /* ApiSevice.swift */,
				15377A232759C4AF00BAE90A /* BaseError.swift */,
			);
			path = Services;
			sourceTree = "<group>";
		};
		15377A282759C55600BAE90A /* Screen */ = {
			isa = PBXGroup;
			children = (
				15E83F38275C7FCE005A3B2C /* Home */,
			);
			path = Screen;
			sourceTree = "<group>";
		};
		15377A2B2759C75B00BAE90A /* Model */ = {
			isa = PBXGroup;
			children = (
				15377A2D2759C75B00BAE90A /* MusicModel.swift */,
				155E6F7B275FE0BE000A48CC /* SingerModel.swift */,
			);
			path = Model;
			sourceTree = "<group>";
		};
		155E6F4A275F5CF8000A48CC /* Font */ = {
			isa = PBXGroup;
			children = (
				155E6F4B275F5CF8000A48CC /* SFPRODISPLAYSEMIBOLDITALIC.OTF */,
				155E6F4C275F5CF8000A48CC /* SFPRODISPLAYHEAVYITALIC.OTF */,
				155E6F4D275F5CF8000A48CC /* SFPRODISPLAYLIGHTITALIC.OTF */,
				155E6F4E275F5CF8000A48CC /* SFPRODISPLAYBLACKITALIC.OTF */,
				155E6F4F275F5CF8000A48CC /* SFPRODISPLAYREGULAR.OTF */,
				155E6F50275F5CF8000A48CC /* SFPRODISPLAYTHINITALIC.OTF */,
				155E6F51275F5CF8000A48CC /* SFPRODISPLAYBOLD.OTF */,
				155E6F52275F5CF8000A48CC /* SFPRODISPLAYMEDIUM.OTF */,
				155E6F53275F5CF8000A48CC /* SFPRODISPLAYULTRALIGHTITALIC.OTF */,
			);
			path = Font;
			sourceTree = "<group>";
		};
		15E83F33275C785E005A3B2C /* Navigation */ = {
			isa = PBXGroup;
			children = (
				15E83F34275C785E005A3B2C /* NavigationBar.swift */,
				15E83F35275C785E005A3B2C /* NavigationBar.xib */,
			);
			path = Navigation;
			sourceTree = "<group>";
		};
		15E83F38275C7FCE005A3B2C /* Home */ = {
			isa = PBXGroup;
			children = (
				15E83F39275C7FCE005A3B2C /* HomeViewController.swift */,
				15E83F3A275C7FCE005A3B2C /* Views */,
			);
			path = Home;
			sourceTree = "<group>";
		};
		15E83F3A275C7FCE005A3B2C /* Views */ = {
			isa = PBXGroup;
			children = (
				155E6F5D275F64DA000A48CC /* SanPhamMoiCollectionViewCell.swift */,
				155E6F5E275F64DA000A48CC /* SanPhamMoiCollectionViewCell.xib */,
				155E6F67275FC75B000A48CC /* NhatDinhPhaiNgheCollectionViewCell.swift */,
				155E6F68275FC75B000A48CC /* NhatDinhPhaiNgheCollectionViewCell.xib */,
				155E6F70275FC87D000A48CC /* BaiHatPhoBienCollectionViewCell.swift */,
				155E6F6F275FC87D000A48CC /* BaiHatPhoBienCollectionViewCell.xib */,
				155E6F73275FD810000A48CC /* PlayListPhoBienCollectionViewCell.swift */,
				155E6F74275FD810000A48CC /* PlayListPhoBienCollectionViewCell.xib */,
				155E6F77275FDD49000A48CC /* TopDJCell.swift */,
				155E6F78275FDD49000A48CC /* TopDJCell.xib */,
			);
			path = Views;
			sourceTree = "<group>";
		};
		36B525392E068A09BF7A2517 /* Pods */ = {
			isa = PBXGroup;
			children = (
				6C877731C060E989229DE9D9 /* Pods-MusicApp.debug.xcconfig */,
				32178D80C17427C71378605E /* Pods-MusicApp.release.xcconfig */,
			);
			path = Pods;
			sourceTree = "<group>";
		};
		7DF059458F07055E74B2F980 /* Frameworks */ = {
			isa = PBXGroup;
			children = (
				A7F2A2722798DEF0476B7F63 /* Pods_MusicApp.framework */,
			);
			name = Frameworks;
			sourceTree = "<group>";
		};
/* End PBXGroup section */

/* Begin PBXNativeTarget section */
		1523B26E2759B660001452DB /* MusicApp */ = {
			isa = PBXNativeTarget;
			buildConfigurationList = 1523B2832759B661001452DB /* Build configuration list for PBXNativeTarget "MusicApp" */;
			buildPhases = (
				E8775E8CF22E4F3B2B72D064 /* [CP] Check Pods Manifest.lock */,
				1523B26B2759B660001452DB /* Sources */,
				1523B26C2759B660001452DB /* Frameworks */,
				1523B26D2759B660001452DB /* Resources */,
				44FDDD21DA2E444507C4B905 /* [CP] Embed Pods Frameworks */,
			);
			buildRules = (
			);
			dependencies = (
			);
			name = MusicApp;
			productName = MusicApp;
			productReference = 1523B26F2759B660001452DB /* MusicApp.app */;
			productType = "com.apple.product-type.application";
		};
/* End PBXNativeTarget section */

/* Begin PBXProject section */
		1523B2672759B660001452DB /* Project object */ = {
			isa = PBXProject;
			attributes = {
				BuildIndependentTargetsInParallel = 1;
				LastSwiftUpdateCheck = 1300;
				LastUpgradeCheck = 1300;
				TargetAttributes = {
					1523B26E2759B660001452DB = {
						CreatedOnToolsVersion = 13.0;
					};
				};
			};
			buildConfigurationList = 1523B26A2759B660001452DB /* Build configuration list for PBXProject "MusicApp" */;
			compatibilityVersion = "Xcode 13.0";
			developmentRegion = en;
			hasScannedForEncodings = 0;
			knownRegions = (
				en,
				Base,
			);
			mainGroup = 1523B2662759B660001452DB;
			productRefGroup = 1523B2702759B660001452DB /* Products */;
			projectDirPath = "";
			projectRoot = "";
			targets = (
				1523B26E2759B660001452DB /* MusicApp */,
			);
		};
/* End PBXProject section */

/* Begin PBXResourcesBuildPhase section */
		1523B26D2759B660001452DB /* Resources */ = {
			isa = PBXResourcesBuildPhase;
			buildActionMask = 2147483647;
			files = (
				155E6F5B275F5CF8000A48CC /* SFPRODISPLAYMEDIUM.OTF in Resources */,
				155E6F58275F5CF8000A48CC /* SFPRODISPLAYREGULAR.OTF in Resources */,
				155E6F5A275F5CF8000A48CC /* SFPRODISPLAYBOLD.OTF in Resources */,
				155E6F54275F5CF8000A48CC /* SFPRODISPLAYSEMIBOLDITALIC.OTF in Resources */,
				155E6F57275F5CF8000A48CC /* SFPRODISPLAYBLACKITALIC.OTF in Resources */,
				155E6F71275FC87D000A48CC /* BaiHatPhoBienCollectionViewCell.xib in Resources */,
				155E6F76275FD810000A48CC /* PlayListPhoBienCollectionViewCell.xib in Resources */,
				155E6F6A275FC75B000A48CC /* NhatDinhPhaiNgheCollectionViewCell.xib in Resources */,
				1523B29C2759BA8F001452DB /* Main.storyboard in Resources */,
				155E6F59275F5CF8000A48CC /* SFPRODISPLAYTHINITALIC.OTF in Resources */,
				1523B2A12759BBBB001452DB /* Assets.xcassets in Resources */,
				155E6F60275F64DA000A48CC /* SanPhamMoiCollectionViewCell.xib in Resources */,
				155E6F56275F5CF8000A48CC /* SFPRODISPLAYLIGHTITALIC.OTF in Resources */,
				155E6F7A275FDD49000A48CC /* TopDJCell.xib in Resources */,
				155E6F55275F5CF8000A48CC /* SFPRODISPLAYHEAVYITALIC.OTF in Resources */,
				1523B29B2759BA8F001452DB /* LaunchScreen.storyboard in Resources */,
				15E83F37275C785E005A3B2C /* NavigationBar.xib in Resources */,
				155E6F5C275F5CF8000A48CC /* SFPRODISPLAYULTRALIGHTITALIC.OTF in Resources */,
			);
			runOnlyForDeploymentPostprocessing = 0;
		};
/* End PBXResourcesBuildPhase section */

/* Begin PBXShellScriptBuildPhase section */
		44FDDD21DA2E444507C4B905 /* [CP] Embed Pods Frameworks */ = {
			isa = PBXShellScriptBuildPhase;
			buildActionMask = 2147483647;
			files = (
			);
			inputFileListPaths = (
				"${PODS_ROOT}/Target Support Files/Pods-MusicApp/Pods-MusicApp-frameworks-${CONFIGURATION}-input-files.xcfilelist",
			);
			name = "[CP] Embed Pods Frameworks";
			outputFileListPaths = (
				"${PODS_ROOT}/Target Support Files/Pods-MusicApp/Pods-MusicApp-frameworks-${CONFIGURATION}-output-files.xcfilelist",
			);
			runOnlyForDeploymentPostprocessing = 0;
			shellPath = /bin/sh;
			shellScript = "\"${PODS_ROOT}/Target Support Files/Pods-MusicApp/Pods-MusicApp-frameworks.sh\"\n";
			showEnvVarsInLog = 0;
		};
		E8775E8CF22E4F3B2B72D064 /* [CP] Check Pods Manifest.lock */ = {
			isa = PBXShellScriptBuildPhase;
			buildActionMask = 2147483647;
			files = (
			);
			inputFileListPaths = (
			);
			inputPaths = (
				"${PODS_PODFILE_DIR_PATH}/Podfile.lock",
				"${PODS_ROOT}/Manifest.lock",
			);
			name = "[CP] Check Pods Manifest.lock";
			outputFileListPaths = (
			);
			outputPaths = (
				"$(DERIVED_FILE_DIR)/Pods-MusicApp-checkManifestLockResult.txt",
			);
			runOnlyForDeploymentPostprocessing = 0;
			shellPath = /bin/sh;
			shellScript = "diff \"${PODS_PODFILE_DIR_PATH}/Podfile.lock\" \"${PODS_ROOT}/Manifest.lock\" > /dev/null\nif [ $? != 0 ] ; then\n    # print error to STDERR\n    echo \"error: The sandbox is not in sync with the Podfile.lock. Run 'pod install' or update your CocoaPods installation.\" >&2\n    exit 1\nfi\n# This output is used by Xcode 'outputs' to avoid re-running this script phase.\necho \"SUCCESS\" > \"${SCRIPT_OUTPUT_FILE_0}\"\n";
			showEnvVarsInLog = 0;
		};
/* End PBXShellScriptBuildPhase section */

/* Begin PBXSourcesBuildPhase section */
		1523B26B2759B660001452DB /* Sources */ = {
			isa = PBXSourcesBuildPhase;
			buildActionMask = 2147483647;
			files = (
				155E6F62275F67C2000A48CC /* UICollectionView+Extention.swift in Sources */,
				15377A1B2759C4A500BAE90A /* LoadingManager.swift in Sources */,
				15377A042759C45900BAE90A /* UIViewController+Extention.swift in Sources */,
				153779F72759C42900BAE90A /* Constants.swift in Sources */,
				15377A0B2759C45900BAE90A /* UITableView+Extention.swift in Sources */,
				155E6F7C275FE0BE000A48CC /* SingerModel.swift in Sources */,
				15377A082759C45900BAE90A /* UIButton+Extention.swift in Sources */,
				15E83F36275C785E005A3B2C /* NavigationBar.swift in Sources */,
				15377A1A2759C4A500BAE90A /* DatabaseRealmManager.swift in Sources */,
				1523B29D2759BA8F001452DB /* AppDelegate.swift in Sources */,
				155E6F72275FC87D000A48CC /* BaiHatPhoBienCollectionViewCell.swift in Sources */,
				155E6F75275FD810000A48CC /* PlayListPhoBienCollectionViewCell.swift in Sources */,
				15377A252759C4AF00BAE90A /* ApiRouter.swift in Sources */,
				15377A0E2759C45900BAE90A /* Foundation+Extention.swift in Sources */,
				15E83F3B275C7FCE005A3B2C /* HomeViewController.swift in Sources */,
				15377A0A2759C45900BAE90A /* UIWebView+Extention.swift in Sources */,
				15377A062759C45900BAE90A /* UIView+Extention.swift in Sources */,
				1523B2912759B752001452DB /* RootViewController.swift in Sources */,
				15377A0C2759C45900BAE90A /* UITextField+Extention.swift in Sources */,
				15377A052759C45900BAE90A /* UINavigationController+Extention.swift in Sources */,
				15377A192759C4A500BAE90A /* TBVideo.swift in Sources */,
				15377A272759C4AF00BAE90A /* BaseError.swift in Sources */,
				155E6F69275FC75B000A48CC /* NhatDinhPhaiNgheCollectionViewCell.swift in Sources */,
				155E6F79275FDD49000A48CC /* TopDJCell.swift in Sources */,
				15377A242759C4AF00BAE90A /* BaseResponse.swift in Sources */,
				15377A092759C45900BAE90A /* UIColor+Extention.swift in Sources */,
				155E6F5F275F64DA000A48CC /* SanPhamMoiCollectionViewCell.swift in Sources */,
				1523B28F2759B752001452DB /* BaseViewController.swift in Sources */,
				15377A0D2759C45900BAE90A /* String+Extention.swift in Sources */,
				15377A262759C4AF00BAE90A /* ApiSevice.swift in Sources */,
				15377A302759C75B00BAE90A /* MusicModel.swift in Sources */,
				15377A072759C45900BAE90A /* UILabel+Extention.swift in Sources */,
			);
			runOnlyForDeploymentPostprocessing = 0;
		};
/* End PBXSourcesBuildPhase section */

/* Begin XCBuildConfiguration section */
		1523B2812759B661001452DB /* Debug */ = {
			isa = XCBuildConfiguration;
			buildSettings = {
				ALWAYS_SEARCH_USER_PATHS = NO;
				CLANG_ANALYZER_NONNULL = YES;
				CLANG_ANALYZER_NUMBER_OBJECT_CONVERSION = YES_AGGRESSIVE;
				CLANG_CXX_LANGUAGE_STANDARD = "gnu++17";
				CLANG_CXX_LIBRARY = "libc++";
				CLANG_ENABLE_MODULES = YES;
				CLANG_ENABLE_OBJC_ARC = YES;
				CLANG_ENABLE_OBJC_WEAK = YES;
				CLANG_WARN_BLOCK_CAPTURE_AUTORELEASING = YES;
				CLANG_WARN_BOOL_CONVERSION = YES;
				CLANG_WARN_COMMA = YES;
				CLANG_WARN_CONSTANT_CONVERSION = YES;
				CLANG_WARN_DEPRECATED_OBJC_IMPLEMENTATIONS = YES;
				CLANG_WARN_DIRECT_OBJC_ISA_USAGE = YES_ERROR;
				CLANG_WARN_DOCUMENTATION_COMMENTS = YES;
				CLANG_WARN_EMPTY_BODY = YES;
				CLANG_WARN_ENUM_CONVERSION = YES;
				CLANG_WARN_INFINITE_RECURSION = YES;
				CLANG_WARN_INT_CONVERSION = YES;
				CLANG_WARN_NON_LITERAL_NULL_CONVERSION = YES;
				CLANG_WARN_OBJC_IMPLICIT_RETAIN_SELF = YES;
				CLANG_WARN_OBJC_LITERAL_CONVERSION = YES;
				CLANG_WARN_OBJC_ROOT_CLASS = YES_ERROR;
				CLANG_WARN_QUOTED_INCLUDE_IN_FRAMEWORK_HEADER = YES;
				CLANG_WARN_RANGE_LOOP_ANALYSIS = YES;
				CLANG_WARN_STRICT_PROTOTYPES = YES;
				CLANG_WARN_SUSPICIOUS_MOVE = YES;
				CLANG_WARN_UNGUARDED_AVAILABILITY = YES_AGGRESSIVE;
				CLANG_WARN_UNREACHABLE_CODE = YES;
				CLANG_WARN__DUPLICATE_METHOD_MATCH = YES;
				COPY_PHASE_STRIP = NO;
				DEBUG_INFORMATION_FORMAT = dwarf;
				ENABLE_STRICT_OBJC_MSGSEND = YES;
				ENABLE_TESTABILITY = YES;
				GCC_C_LANGUAGE_STANDARD = gnu11;
				GCC_DYNAMIC_NO_PIC = NO;
				GCC_NO_COMMON_BLOCKS = YES;
				GCC_OPTIMIZATION_LEVEL = 0;
				GCC_PREPROCESSOR_DEFINITIONS = (
					"DEBUG=1",
					"$(inherited)",
				);
				GCC_WARN_64_TO_32_BIT_CONVERSION = YES;
				GCC_WARN_ABOUT_RETURN_TYPE = YES_ERROR;
				GCC_WARN_UNDECLARED_SELECTOR = YES;
				GCC_WARN_UNINITIALIZED_AUTOS = YES_AGGRESSIVE;
				GCC_WARN_UNUSED_FUNCTION = YES;
				GCC_WARN_UNUSED_VARIABLE = YES;
				IPHONEOS_DEPLOYMENT_TARGET = 11.0;
				MTL_ENABLE_DEBUG_INFO = INCLUDE_SOURCE;
				MTL_FAST_MATH = YES;
				ONLY_ACTIVE_ARCH = YES;
				SDKROOT = iphoneos;
				SWIFT_ACTIVE_COMPILATION_CONDITIONS = DEBUG;
				SWIFT_OPTIMIZATION_LEVEL = "-Onone";
			};
			name = Debug;
		};
		1523B2822759B661001452DB /* Release */ = {
			isa = XCBuildConfiguration;
			buildSettings = {
				ALWAYS_SEARCH_USER_PATHS = NO;
				CLANG_ANALYZER_NONNULL = YES;
				CLANG_ANALYZER_NUMBER_OBJECT_CONVERSION = YES_AGGRESSIVE;
				CLANG_CXX_LANGUAGE_STANDARD = "gnu++17";
				CLANG_CXX_LIBRARY = "libc++";
				CLANG_ENABLE_MODULES = YES;
				CLANG_ENABLE_OBJC_ARC = YES;
				CLANG_ENABLE_OBJC_WEAK = YES;
				CLANG_WARN_BLOCK_CAPTURE_AUTORELEASING = YES;
				CLANG_WARN_BOOL_CONVERSION = YES;
				CLANG_WARN_COMMA = YES;
				CLANG_WARN_CONSTANT_CONVERSION = YES;
				CLANG_WARN_DEPRECATED_OBJC_IMPLEMENTATIONS = YES;
				CLANG_WARN_DIRECT_OBJC_ISA_USAGE = YES_ERROR;
				CLANG_WARN_DOCUMENTATION_COMMENTS = YES;
				CLANG_WARN_EMPTY_BODY = YES;
				CLANG_WARN_ENUM_CONVERSION = YES;
				CLANG_WARN_INFINITE_RECURSION = YES;
				CLANG_WARN_INT_CONVERSION = YES;
				CLANG_WARN_NON_LITERAL_NULL_CONVERSION = YES;
				CLANG_WARN_OBJC_IMPLICIT_RETAIN_SELF = YES;
				CLANG_WARN_OBJC_LITERAL_CONVERSION = YES;
				CLANG_WARN_OBJC_ROOT_CLASS = YES_ERROR;
				CLANG_WARN_QUOTED_INCLUDE_IN_FRAMEWORK_HEADER = YES;
				CLANG_WARN_RANGE_LOOP_ANALYSIS = YES;
				CLANG_WARN_STRICT_PROTOTYPES = YES;
				CLANG_WARN_SUSPICIOUS_MOVE = YES;
				CLANG_WARN_UNGUARDED_AVAILABILITY = YES_AGGRESSIVE;
				CLANG_WARN_UNREACHABLE_CODE = YES;
				CLANG_WARN__DUPLICATE_METHOD_MATCH = YES;
				COPY_PHASE_STRIP = NO;
				DEBUG_INFORMATION_FORMAT = "dwarf-with-dsym";
				ENABLE_NS_ASSERTIONS = NO;
				ENABLE_STRICT_OBJC_MSGSEND = YES;
				GCC_C_LANGUAGE_STANDARD = gnu11;
				GCC_NO_COMMON_BLOCKS = YES;
				GCC_WARN_64_TO_32_BIT_CONVERSION = YES;
				GCC_WARN_ABOUT_RETURN_TYPE = YES_ERROR;
				GCC_WARN_UNDECLARED_SELECTOR = YES;
				GCC_WARN_UNINITIALIZED_AUTOS = YES_AGGRESSIVE;
				GCC_WARN_UNUSED_FUNCTION = YES;
				GCC_WARN_UNUSED_VARIABLE = YES;
				IPHONEOS_DEPLOYMENT_TARGET = 11.0;
				MTL_ENABLE_DEBUG_INFO = NO;
				MTL_FAST_MATH = YES;
				SDKROOT = iphoneos;
				SWIFT_COMPILATION_MODE = wholemodule;
				SWIFT_OPTIMIZATION_LEVEL = "-O";
				VALIDATE_PRODUCT = YES;
			};
			name = Release;
		};
		1523B2842759B661001452DB /* Debug */ = {
			isa = XCBuildConfiguration;
			baseConfigurationReference = 6C877731C060E989229DE9D9 /* Pods-MusicApp.debug.xcconfig */;
			buildSettings = {
				ASSETCATALOG_COMPILER_APPICON_NAME = AppIcon;
				ASSETCATALOG_COMPILER_GLOBAL_ACCENT_COLOR_NAME = AccentColor;
				ASSETCATALOG_COMPILER_INCLUDE_ALL_APPICON_ASSETS = NO;
				CODE_SIGN_STYLE = Manual;
				CURRENT_PROJECT_VERSION = 1;
				DEVELOPMENT_TEAM = "";
				GENERATE_INFOPLIST_FILE = YES;
				INFOPLIST_FILE = MusicApp/Application/Info.plist;
				INFOPLIST_KEY_UIApplicationSupportsIndirectInputEvents = YES;
				INFOPLIST_KEY_UILaunchStoryboardName = LaunchScreen;
				INFOPLIST_KEY_UIMainStoryboardFile = Main;
				INFOPLIST_KEY_UISupportedInterfaceOrientations = UIInterfaceOrientationPortrait;
				INFOPLIST_KEY_UISupportedInterfaceOrientations_iPad = "UIInterfaceOrientationPortrait UIInterfaceOrientationPortraitUpsideDown UIInterfaceOrientationLandscapeLeft UIInterfaceOrientationLandscapeRight";
				INFOPLIST_KEY_UISupportedInterfaceOrientations_iPhone = "UIInterfaceOrientationPortrait UIInterfaceOrientationLandscapeLeft UIInterfaceOrientationLandscapeRight";
				IPHONEOS_DEPLOYMENT_TARGET = 11.0;
				LD_RUNPATH_SEARCH_PATHS = (
					"$(inherited)",
					"@executable_path/Frameworks",
				);
				MARKETING_VERSION = 1.0;
				PRODUCT_BUNDLE_IDENTIFIER = com.vnpt.chiennv.MusicApp;
				PRODUCT_NAME = "$(TARGET_NAME)";
				PROVISIONING_PROFILE_SPECIFIER = "";
				SWIFT_EMIT_LOC_STRINGS = YES;
				SWIFT_VERSION = 5.0;
				TARGETED_DEVICE_FAMILY = "1,2";
			};
			name = Debug;
		};
		1523B2852759B661001452DB /* Release */ = {
			isa = XCBuildConfiguration;
			baseConfigurationReference = 32178D80C17427C71378605E /* Pods-MusicApp.release.xcconfig */;
			buildSettings = {
				ASSETCATALOG_COMPILER_APPICON_NAME = AppIcon;
				ASSETCATALOG_COMPILER_GLOBAL_ACCENT_COLOR_NAME = AccentColor;
				ASSETCATALOG_COMPILER_INCLUDE_ALL_APPICON_ASSETS = NO;
				CODE_SIGN_IDENTITY = "iPhone Distribution: VIETNAM POSTS AND TELECOMMUNICATIONS GROUP - HO CHI MINH CITY TELECOM BRANCH";
				CODE_SIGN_STYLE = Manual;
				CURRENT_PROJECT_VERSION = 1;
				DEVELOPMENT_TEAM = JPMH34L85K;
				GENERATE_INFOPLIST_FILE = YES;
				INFOPLIST_FILE = MusicApp/Application/Info.plist;
				INFOPLIST_KEY_UIApplicationSupportsIndirectInputEvents = YES;
				INFOPLIST_KEY_UILaunchStoryboardName = LaunchScreen;
				INFOPLIST_KEY_UIMainStoryboardFile = Main;
				INFOPLIST_KEY_UISupportedInterfaceOrientations = UIInterfaceOrientationPortrait;
				INFOPLIST_KEY_UISupportedInterfaceOrientations_iPad = "UIInterfaceOrientationPortrait UIInterfaceOrientationPortraitUpsideDown UIInterfaceOrientationLandscapeLeft UIInterfaceOrientationLandscapeRight";
				INFOPLIST_KEY_UISupportedInterfaceOrientations_iPhone = "UIInterfaceOrientationPortrait UIInterfaceOrientationLandscapeLeft UIInterfaceOrientationLandscapeRight";
				IPHONEOS_DEPLOYMENT_TARGET = 11.0;
				LD_RUNPATH_SEARCH_PATHS = (
					"$(inherited)",
					"@executable_path/Frameworks",
				);
				MARKETING_VERSION = 1.0;
				PRODUCT_BUNDLE_IDENTIFIER = vnpt.vn.erpxtest;
				PRODUCT_NAME = "$(TARGET_NAME)";
				PROVISIONING_PROFILE_SPECIFIER = Prov_ERP_xtest;
				SWIFT_EMIT_LOC_STRINGS = YES;
				SWIFT_VERSION = 5.0;
				TARGETED_DEVICE_FAMILY = "1,2";
			};
			name = Release;
		};
/* End XCBuildConfiguration section */

/* Begin XCConfigurationList section */
		1523B26A2759B660001452DB /* Build configuration list for PBXProject "MusicApp" */ = {
			isa = XCConfigurationList;
			buildConfigurations = (
				1523B2812759B661001452DB /* Debug */,
				1523B2822759B661001452DB /* Release */,
			);
			defaultConfigurationIsVisible = 0;
			defaultConfigurationName = Release;
		};
		1523B2832759B661001452DB /* Build configuration list for PBXNativeTarget "MusicApp" */ = {
			isa = XCConfigurationList;
			buildConfigurations = (
				1523B2842759B661001452DB /* Debug */,
				1523B2852759B661001452DB /* Release */,
			);
			defaultConfigurationIsVisible = 0;
			defaultConfigurationName = Release;
		};
/* End XCConfigurationList section */
	};
	rootObject = 1523B2672759B660001452DB /* Project object */;
}
